
Microsoft Visual Studio Solution File, Format Version 12.00
# Visual Studio 15
VisualStudioVersion = 15.0.28307.421
MinimumVisualStudioVersion = 10.0.40219.1
Project("{FAE04EC0-301F-11D3-BF4B-00C04F79EFBC}") = "ConsoleApp(Ejercicios IF)", "ConsoleApp(Ejercicios IF)\ConsoleApp(Ejercicios IF).csproj", "{A36C4637-FC39-42C0-AA24-F391AB016276}"
EndProject
Global
	GlobalSection(SolutionConfigurationPlatforms) = preSolution
		Debug|Any CPU = Debug|Any CPU
		Release|Any CPU = Release|Any CPU
	EndGlobalSection
	GlobalSection(ProjectConfigurationPlatforms) = postSolution
		{A36C4637-FC39-42C0-AA24-F391AB016276}.Debug|Any CPU.ActiveCfg = Debug|Any CPU
		{A36C4637-FC39-42C0-AA24-F391AB016276}.Debug|Any CPU.Build.0 = Debug|Any CPU
		{A36C4637-FC39-42C0-AA24-F391AB016276}.Release|Any CPU.ActiveCfg = Release|Any CPU
		{A36C4637-FC39-42C0-AA24-F391AB016276}.Release|Any CPU.Build.0 = Release|Any CPU
	EndGlobalSection
	GlobalSection(SolutionProperties) = preSolution
		HideSolutionNode = FALSE
	EndGlobalSection
	GlobalSection(ExtensibilityGlobals) = postSolution
		SolutionGuid = {012BE5DA-82C2-4AF4-954F-A0B352EB1702}
	EndGlobalSection
EndGlobal
