
Microsoft Visual Studio Solution File, Format Version 12.00
# Visual Studio 15
VisualStudioVersion = 15.0.28307.421
MinimumVisualStudioVersion = 10.0.40219.1
Project("{FAE04EC0-301F-11D3-BF4B-00C04F79EFBC}") = "ConsoleApp(Arrays)", "ConsoleApp(Arrays)\ConsoleApp(Arrays).csproj", "{8D92FDC7-E448-40E4-95EF-3856CF17A44C}"
EndProject
Global
	GlobalSection(SolutionConfigurationPlatforms) = preSolution
		Debug|Any CPU = Debug|Any CPU
		Release|Any CPU = Release|Any CPU
	EndGlobalSection
	GlobalSection(ProjectConfigurationPlatforms) = postSolution
		{8D92FDC7-E448-40E4-95EF-3856CF17A44C}.Debug|Any CPU.ActiveCfg = Debug|Any CPU
		{8D92FDC7-E448-40E4-95EF-3856CF17A44C}.Debug|Any CPU.Build.0 = Debug|Any CPU
		{8D92FDC7-E448-40E4-95EF-3856CF17A44C}.Release|Any CPU.ActiveCfg = Release|Any CPU
		{8D92FDC7-E448-40E4-95EF-3856CF17A44C}.Release|Any CPU.Build.0 = Release|Any CPU
	EndGlobalSection
	GlobalSection(SolutionProperties) = preSolution
		HideSolutionNode = FALSE
	EndGlobalSection
	GlobalSection(ExtensibilityGlobals) = postSolution
		SolutionGuid = {80CA56EF-CA82-408E-BEF7-7A3FB1A07476}
	EndGlobalSection
EndGlobal
