
Microsoft Visual Studio Solution File, Format Version 12.00
# Visual Studio 15
VisualStudioVersion = 15.0.28307.489
MinimumVisualStudioVersion = 10.0.40219.1
Project("{FAE04EC0-301F-11D3-BF4B-00C04F79EFBC}") = "ConsoleApp_(ConceptodePropiedad2)", "ConsoleApp_(ConceptodePropiedad2)\ConsoleApp_(ConceptodePropiedad2).csproj", "{C873E1C3-73BF-4580-9385-AC03B8DC519A}"
EndProject
Global
	GlobalSection(SolutionConfigurationPlatforms) = preSolution
		Debug|Any CPU = Debug|Any CPU
		Release|Any CPU = Release|Any CPU
	EndGlobalSection
	GlobalSection(ProjectConfigurationPlatforms) = postSolution
		{C873E1C3-73BF-4580-9385-AC03B8DC519A}.Debug|Any CPU.ActiveCfg = Debug|Any CPU
		{C873E1C3-73BF-4580-9385-AC03B8DC519A}.Debug|Any CPU.Build.0 = Debug|Any CPU
		{C873E1C3-73BF-4580-9385-AC03B8DC519A}.Release|Any CPU.ActiveCfg = Release|Any CPU
		{C873E1C3-73BF-4580-9385-AC03B8DC519A}.Release|Any CPU.Build.0 = Release|Any CPU
	EndGlobalSection
	GlobalSection(SolutionProperties) = preSolution
		HideSolutionNode = FALSE
	EndGlobalSection
	GlobalSection(ExtensibilityGlobals) = postSolution
		SolutionGuid = {9DF9A46A-3C35-48AC-8704-BA184A2DEAB9}
	EndGlobalSection
EndGlobal
