
Microsoft Visual Studio Solution File, Format Version 12.00
# Visual Studio 15
VisualStudioVersion = 15.0.28307.421
MinimumVisualStudioVersion = 10.0.40219.1
Project("{FAE04EC0-301F-11D3-BF4B-00C04F79EFBC}") = "ConsoleApp(Uso For 2)", "ConsoleApp(Uso For 2)\ConsoleApp(Uso For 2).csproj", "{FDADC630-573B-4574-9769-8034BAD33791}"
EndProject
Global
	GlobalSection(SolutionConfigurationPlatforms) = preSolution
		Debug|Any CPU = Debug|Any CPU
		Release|Any CPU = Release|Any CPU
	EndGlobalSection
	GlobalSection(ProjectConfigurationPlatforms) = postSolution
		{FDADC630-573B-4574-9769-8034BAD33791}.Debug|Any CPU.ActiveCfg = Debug|Any CPU
		{FDADC630-573B-4574-9769-8034BAD33791}.Debug|Any CPU.Build.0 = Debug|Any CPU
		{FDADC630-573B-4574-9769-8034BAD33791}.Release|Any CPU.ActiveCfg = Release|Any CPU
		{FDADC630-573B-4574-9769-8034BAD33791}.Release|Any CPU.Build.0 = Release|Any CPU
	EndGlobalSection
	GlobalSection(SolutionProperties) = preSolution
		HideSolutionNode = FALSE
	EndGlobalSection
	GlobalSection(ExtensibilityGlobals) = postSolution
		SolutionGuid = {9AE8FE7D-6874-458B-92BE-74558F406311}
	EndGlobalSection
EndGlobal
